
Microsoft Visual Studio Solution File, Format Version 12.00
# Visual Studio Version 17
VisualStudioVersion = 17.1.32421.90
MinimumVisualStudioVersion = 10.0.40219.1
Project("{9A19103F-16F7-4668-BE54-9A1E7A4F7556}") = "RunGroopWebApp", "RunGroopWebApp\RunGroopWebApp.csproj", "{07EA4DB8-7D38-497E-B94E-5306C8E8B6CD}"
EndProject
Project("{9A19103F-16F7-4668-BE54-9A1E7A4F7556}") = "RunGroopsWebApp.Test", "RunGroopsWebApp.Test\RunGroopsWebApp.Test.csproj", "{1E157279-1789-482D-B555-F5D94F55DA89}"
EndProject
Project("{2150E333-8FDC-42A3-9474-1A3956D46DE8}") = "Solution Items", "Solution Items", "{076ABC38-E8A9-44C5-BEE2-48EDBA4E1FF3}"
	ProjectSection(SolutionItems) = preProject
		Jenkinsfile.txt = Jenkinsfile.txt
	EndProjectSection
EndProject
Global
	GlobalSection(SolutionConfigurationPlatforms) = preSolution
		Debug|Any CPU = Debug|Any CPU
		Release|Any CPU = Release|Any CPU
	EndGlobalSection
	GlobalSection(ProjectConfigurationPlatforms) = postSolution
		{07EA4DB8-7D38-497E-B94E-5306C8E8B6CD}.Debug|Any CPU.ActiveCfg = Debug|Any CPU
		{07EA4DB8-7D38-497E-B94E-5306C8E8B6CD}.Debug|Any CPU.Build.0 = Debug|Any CPU
		{07EA4DB8-7D38-497E-B94E-5306C8E8B6CD}.Release|Any CPU.ActiveCfg = Release|Any CPU
		{07EA4DB8-7D38-497E-B94E-5306C8E8B6CD}.Release|Any CPU.Build.0 = Release|Any CPU
		{1E157279-1789-482D-B555-F5D94F55DA89}.Debug|Any CPU.ActiveCfg = Debug|Any CPU
		{1E157279-1789-482D-B555-F5D94F55DA89}.Debug|Any CPU.Build.0 = Debug|Any CPU
		{1E157279-1789-482D-B555-F5D94F55DA89}.Release|Any CPU.ActiveCfg = Release|Any CPU
		{1E157279-1789-482D-B555-F5D94F55DA89}.Release|Any CPU.Build.0 = Release|Any CPU
	EndGlobalSection
	GlobalSection(SolutionProperties) = preSolution
		HideSolutionNode = FALSE
	EndGlobalSection
	GlobalSection(ExtensibilityGlobals) = postSolution
		SolutionGuid = {64992F57-3427-48A6-ACAE-F4D6CB9D737C}
	EndGlobalSection
EndGlobal
